
Microsoft Visual Studio Solution File, Format Version 12.00
# Visual Studio Version 16
VisualStudioVersion = 16.0.30611.23
MinimumVisualStudioVersion = 10.0.40219.1
Project("{FAE04EC0-301F-11D3-BF4B-00C04F79EFBC}") = "TestPayment", "TestPayment\TestPayment.csproj", "{BF2405A1-9217-4DB6-ABC1-55A8D497265F}"
EndProject
Project("{FAE04EC0-301F-11D3-BF4B-00C04F79EFBC}") = "TestContactInfo", "TestContactInfo\TestContactInfo.csproj", "{6C3D70D8-FBE5-415E-9555-3FD547E02A2D}"
EndProject
Project("{FAE04EC0-301F-11D3-BF4B-00C04F79EFBC}") = "AccountMgr", "..\AccountMgr\AccountMgr\AccountMgr.csproj", "{67C96606-325A-41A0-83FA-56C9697F0D47}"
EndProject
Project("{FAE04EC0-301F-11D3-BF4B-00C04F79EFBC}") = "Current", "Current\Current.csproj", "{06433CC6-9AB0-46FA-BBCB-1AA5433627C2}"
EndProject
Project("{FAE04EC0-301F-11D3-BF4B-00C04F79EFBC}") = "Transaction", "Transaction\Transaction.csproj", "{9180029E-1342-4F2D-998F-37C3FC9C635B}"
EndProject
Global
	GlobalSection(SolutionConfigurationPlatforms) = preSolution
		Debug|Any CPU = Debug|Any CPU
		Release|Any CPU = Release|Any CPU
	EndGlobalSection
	GlobalSection(ProjectConfigurationPlatforms) = postSolution
		{BF2405A1-9217-4DB6-ABC1-55A8D497265F}.Debug|Any CPU.ActiveCfg = Debug|Any CPU
		{BF2405A1-9217-4DB6-ABC1-55A8D497265F}.Debug|Any CPU.Build.0 = Debug|Any CPU
		{BF2405A1-9217-4DB6-ABC1-55A8D497265F}.Release|Any CPU.ActiveCfg = Release|Any CPU
		{BF2405A1-9217-4DB6-ABC1-55A8D497265F}.Release|Any CPU.Build.0 = Release|Any CPU
		{6C3D70D8-FBE5-415E-9555-3FD547E02A2D}.Debug|Any CPU.ActiveCfg = Debug|Any CPU
		{6C3D70D8-FBE5-415E-9555-3FD547E02A2D}.Debug|Any CPU.Build.0 = Debug|Any CPU
		{6C3D70D8-FBE5-415E-9555-3FD547E02A2D}.Release|Any CPU.ActiveCfg = Release|Any CPU
		{6C3D70D8-FBE5-415E-9555-3FD547E02A2D}.Release|Any CPU.Build.0 = Release|Any CPU
		{67C96606-325A-41A0-83FA-56C9697F0D47}.Debug|Any CPU.ActiveCfg = Debug|Any CPU
		{67C96606-325A-41A0-83FA-56C9697F0D47}.Debug|Any CPU.Build.0 = Debug|Any CPU
		{67C96606-325A-41A0-83FA-56C9697F0D47}.Release|Any CPU.ActiveCfg = Release|Any CPU
		{67C96606-325A-41A0-83FA-56C9697F0D47}.Release|Any CPU.Build.0 = Release|Any CPU
		{06433CC6-9AB0-46FA-BBCB-1AA5433627C2}.Debug|Any CPU.ActiveCfg = Debug|Any CPU
		{06433CC6-9AB0-46FA-BBCB-1AA5433627C2}.Debug|Any CPU.Build.0 = Debug|Any CPU
		{06433CC6-9AB0-46FA-BBCB-1AA5433627C2}.Release|Any CPU.ActiveCfg = Release|Any CPU
		{06433CC6-9AB0-46FA-BBCB-1AA5433627C2}.Release|Any CPU.Build.0 = Release|Any CPU
		{9180029E-1342-4F2D-998F-37C3FC9C635B}.Debug|Any CPU.ActiveCfg = Debug|Any CPU
		{9180029E-1342-4F2D-998F-37C3FC9C635B}.Debug|Any CPU.Build.0 = Debug|Any CPU
		{9180029E-1342-4F2D-998F-37C3FC9C635B}.Release|Any CPU.ActiveCfg = Release|Any CPU
		{9180029E-1342-4F2D-998F-37C3FC9C635B}.Release|Any CPU.Build.0 = Release|Any CPU
	EndGlobalSection
	GlobalSection(SolutionProperties) = preSolution
		HideSolutionNode = FALSE
	EndGlobalSection
	GlobalSection(ExtensibilityGlobals) = postSolution
		SolutionGuid = {820255DF-03BF-4BBD-AFA4-022F56BB9C9D}
	EndGlobalSection
EndGlobal
